
Microsoft Visual Studio Solution File, Format Version 12.00
# Visual Studio Version 16
VisualStudioVersion = 16.0.30114.105
MinimumVisualStudioVersion = 10.0.40219.1
Project("{FAE04EC0-301F-11D3-BF4B-00C04F79EFBC}") = "KineticTrack.Domain", "KineticTrack.Domain\KineticTrack.Domain.csproj", "{3064B1EA-B26B-4088-AB17-6F5297F435B6}"
EndProject
Project("{FAE04EC0-301F-11D3-BF4B-00C04F79EFBC}") = "KineticTrack.Application", "KineticTrack.Application\KineticTrack.Application.csproj", "{A78CCE75-5095-4E90-8340-74B3BCF52364}"
EndProject
Project("{FAE04EC0-301F-11D3-BF4B-00C04F79EFBC}") = "KineticTrack.Infrastructure", "KineticTrack.Infrastructure\KineticTrack.Infrastructure.csproj", "{CC618878-1916-4E2A-9BE1-60B14AE5514D}"
EndProject
Project("{FAE04EC0-301F-11D3-BF4B-00C04F79EFBC}") = "KineticTrack.Api", "KineticTrack.Api\KineticTrack.Api.csproj", "{BF40CD9C-C2A5-477A-B475-2CC05BE53EDE}"
EndProject
Global
	GlobalSection(SolutionConfigurationPlatforms) = preSolution
		Debug|Any CPU = Debug|Any CPU
		Debug|x64 = Debug|x64
		Debug|x86 = Debug|x86
		Release|Any CPU = Release|Any CPU
		Release|x64 = Release|x64
		Release|x86 = Release|x86
	EndGlobalSection
	GlobalSection(SolutionProperties) = preSolution
		HideSolutionNode = FALSE
	EndGlobalSection
	GlobalSection(ProjectConfigurationPlatforms) = postSolution
		{3064B1EA-B26B-4088-AB17-6F5297F435B6}.Debug|Any CPU.ActiveCfg = Debug|Any CPU
		{3064B1EA-B26B-4088-AB17-6F5297F435B6}.Debug|Any CPU.Build.0 = Debug|Any CPU
		{3064B1EA-B26B-4088-AB17-6F5297F435B6}.Debug|x64.ActiveCfg = Debug|Any CPU
		{3064B1EA-B26B-4088-AB17-6F5297F435B6}.Debug|x64.Build.0 = Debug|Any CPU
		{3064B1EA-B26B-4088-AB17-6F5297F435B6}.Debug|x86.ActiveCfg = Debug|Any CPU
		{3064B1EA-B26B-4088-AB17-6F5297F435B6}.Debug|x86.Build.0 = Debug|Any CPU
		{3064B1EA-B26B-4088-AB17-6F5297F435B6}.Release|Any CPU.ActiveCfg = Release|Any CPU
		{3064B1EA-B26B-4088-AB17-6F5297F435B6}.Release|Any CPU.Build.0 = Release|Any CPU
		{3064B1EA-B26B-4088-AB17-6F5297F435B6}.Release|x64.ActiveCfg = Release|Any CPU
		{3064B1EA-B26B-4088-AB17-6F5297F435B6}.Release|x64.Build.0 = Release|Any CPU
		{3064B1EA-B26B-4088-AB17-6F5297F435B6}.Release|x86.ActiveCfg = Release|Any CPU
		{3064B1EA-B26B-4088-AB17-6F5297F435B6}.Release|x86.Build.0 = Release|Any CPU
		{A78CCE75-5095-4E90-8340-74B3BCF52364}.Debug|Any CPU.ActiveCfg = Debug|Any CPU
		{A78CCE75-5095-4E90-8340-74B3BCF52364}.Debug|Any CPU.Build.0 = Debug|Any CPU
		{A78CCE75-5095-4E90-8340-74B3BCF52364}.Debug|x64.ActiveCfg = Debug|Any CPU
		{A78CCE75-5095-4E90-8340-74B3BCF52364}.Debug|x64.Build.0 = Debug|Any CPU
		{A78CCE75-5095-4E90-8340-74B3BCF52364}.Debug|x86.ActiveCfg = Debug|Any CPU
		{A78CCE75-5095-4E90-8340-74B3BCF52364}.Debug|x86.Build.0 = Debug|Any CPU
		{A78CCE75-5095-4E90-8340-74B3BCF52364}.Release|Any CPU.ActiveCfg = Release|Any CPU
		{A78CCE75-5095-4E90-8340-74B3BCF52364}.Release|Any CPU.Build.0 = Release|Any CPU
		{A78CCE75-5095-4E90-8340-74B3BCF52364}.Release|x64.ActiveCfg = Release|Any CPU
		{A78CCE75-5095-4E90-8340-74B3BCF52364}.Release|x64.Build.0 = Release|Any CPU
		{A78CCE75-5095-4E90-8340-74B3BCF52364}.Release|x86.ActiveCfg = Release|Any CPU
		{A78CCE75-5095-4E90-8340-74B3BCF52364}.Release|x86.Build.0 = Release|Any CPU
		{CC618878-1916-4E2A-9BE1-60B14AE5514D}.Debug|Any CPU.ActiveCfg = Debug|Any CPU
		{CC618878-1916-4E2A-9BE1-60B14AE5514D}.Debug|Any CPU.Build.0 = Debug|Any CPU
		{CC618878-1916-4E2A-9BE1-60B14AE5514D}.Debug|x64.ActiveCfg = Debug|Any CPU
		{CC618878-1916-4E2A-9BE1-60B14AE5514D}.Debug|x64.Build.0 = Debug|Any CPU
		{CC618878-1916-4E2A-9BE1-60B14AE5514D}.Debug|x86.ActiveCfg = Debug|Any CPU
		{CC618878-1916-4E2A-9BE1-60B14AE5514D}.Debug|x86.Build.0 = Debug|Any CPU
		{CC618878-1916-4E2A-9BE1-60B14AE5514D}.Release|Any CPU.ActiveCfg = Release|Any CPU
		{CC618878-1916-4E2A-9BE1-60B14AE5514D}.Release|Any CPU.Build.0 = Release|Any CPU
		{CC618878-1916-4E2A-9BE1-60B14AE5514D}.Release|x64.ActiveCfg = Release|Any CPU
		{CC618878-1916-4E2A-9BE1-60B14AE5514D}.Release|x64.Build.0 = Release|Any CPU
		{CC618878-1916-4E2A-9BE1-60B14AE5514D}.Release|x86.ActiveCfg = Release|Any CPU
		{CC618878-1916-4E2A-9BE1-60B14AE5514D}.Release|x86.Build.0 = Release|Any CPU
		{BF40CD9C-C2A5-477A-B475-2CC05BE53EDE}.Debug|Any CPU.ActiveCfg = Debug|Any CPU
		{BF40CD9C-C2A5-477A-B475-2CC05BE53EDE}.Debug|Any CPU.Build.0 = Debug|Any CPU
		{BF40CD9C-C2A5-477A-B475-2CC05BE53EDE}.Debug|x64.ActiveCfg = Debug|Any CPU
		{BF40CD9C-C2A5-477A-B475-2CC05BE53EDE}.Debug|x64.Build.0 = Debug|Any CPU
		{BF40CD9C-C2A5-477A-B475-2CC05BE53EDE}.Debug|x86.ActiveCfg = Debug|Any CPU
		{BF40CD9C-C2A5-477A-B475-2CC05BE53EDE}.Debug|x86.Build.0 = Debug|Any CPU
		{BF40CD9C-C2A5-477A-B475-2CC05BE53EDE}.Release|Any CPU.ActiveCfg = Release|Any CPU
		{BF40CD9C-C2A5-477A-B475-2CC05BE53EDE}.Release|Any CPU.Build.0 = Release|Any CPU
		{BF40CD9C-C2A5-477A-B475-2CC05BE53EDE}.Release|x64.ActiveCfg = Release|Any CPU
		{BF40CD9C-C2A5-477A-B475-2CC05BE53EDE}.Release|x64.Build.0 = Release|Any CPU
		{BF40CD9C-C2A5-477A-B475-2CC05BE53EDE}.Release|x86.ActiveCfg = Release|Any CPU
		{BF40CD9C-C2A5-477A-B475-2CC05BE53EDE}.Release|x86.Build.0 = Release|Any CPU
	EndGlobalSection
EndGlobal
